
Microsoft Visual Studio Solution File, Format Version 12.00
# Visual Studio Version 17
VisualStudioVersion = 17.14.36518.9
MinimumVisualStudioVersion = 10.0.40219.1
Project("{FAE04EC0-301F-11D3-BF4B-00C04F79EFBC}") = "ApplicationFrontEnd.SharedKernel", "ApplicationFrontEnd.SharedKernel\ApplicationFrontEnd.SharedKernel.csproj", "{AF620000-88DD-434A-9331-2D4CB5E4ADA4}"
EndProject
Project("{FAE04EC0-301F-11D3-BF4B-00C04F79EFBC}") = "ApplicationFrontEnd.Core", "ApplicationFrontEnd.Core\ApplicationFrontEnd.Core.csproj", "{EEFC58AB-8256-4500-B83A-C9A541715F04}"
EndProject
Project("{FAE04EC0-301F-11D3-BF4B-00C04F79EFBC}") = "ApplicationFrontEnd.Infrastructure", "ApplicationFrontEnd.Infrastructure\ApplicationFrontEnd.Infrastructure.csproj", "{E8640E0C-2F6E-499F-AEC2-8BDD1489CB7B}"
EndProject
Project("{FAE04EC0-301F-11D3-BF4B-00C04F79EFBC}") = "ApplicationFrontEnd.ConsoleTestApp", "ApplicationFrontEnd.ConsoleTestApp\ApplicationFrontEnd.ConsoleTestApp.csproj", "{20095174-8146-480C-8B1A-C21EF6FAB641}"
EndProject
Project("{FAE04EC0-301F-11D3-BF4B-00C04F79EFBC}") = "ApplicationFrontEnd.WebAPI", "ApplicationFrontEnd.WebAPI\ApplicationFrontEnd.WebAPI.csproj", "{6E78E994-676A-4992-8F9F-BB53F70E15AD}"
EndProject
Global
	GlobalSection(SolutionConfigurationPlatforms) = preSolution
		Debug|Any CPU = Debug|Any CPU
		Release|Any CPU = Release|Any CPU
	EndGlobalSection
	GlobalSection(ProjectConfigurationPlatforms) = postSolution
		{AF620000-88DD-434A-9331-2D4CB5E4ADA4}.Debug|Any CPU.ActiveCfg = Debug|Any CPU
		{AF620000-88DD-434A-9331-2D4CB5E4ADA4}.Debug|Any CPU.Build.0 = Debug|Any CPU
		{AF620000-88DD-434A-9331-2D4CB5E4ADA4}.Release|Any CPU.ActiveCfg = Release|Any CPU
		{AF620000-88DD-434A-9331-2D4CB5E4ADA4}.Release|Any CPU.Build.0 = Release|Any CPU
		{EEFC58AB-8256-4500-B83A-C9A541715F04}.Debug|Any CPU.ActiveCfg = Debug|Any CPU
		{EEFC58AB-8256-4500-B83A-C9A541715F04}.Debug|Any CPU.Build.0 = Debug|Any CPU
		{EEFC58AB-8256-4500-B83A-C9A541715F04}.Release|Any CPU.ActiveCfg = Release|Any CPU
		{EEFC58AB-8256-4500-B83A-C9A541715F04}.Release|Any CPU.Build.0 = Release|Any CPU
		{E8640E0C-2F6E-499F-AEC2-8BDD1489CB7B}.Debug|Any CPU.ActiveCfg = Debug|Any CPU
		{E8640E0C-2F6E-499F-AEC2-8BDD1489CB7B}.Debug|Any CPU.Build.0 = Debug|Any CPU
		{E8640E0C-2F6E-499F-AEC2-8BDD1489CB7B}.Release|Any CPU.ActiveCfg = Release|Any CPU
		{E8640E0C-2F6E-499F-AEC2-8BDD1489CB7B}.Release|Any CPU.Build.0 = Release|Any CPU
		{20095174-8146-480C-8B1A-C21EF6FAB641}.Debug|Any CPU.ActiveCfg = Debug|Any CPU
		{20095174-8146-480C-8B1A-C21EF6FAB641}.Debug|Any CPU.Build.0 = Debug|Any CPU
		{20095174-8146-480C-8B1A-C21EF6FAB641}.Release|Any CPU.ActiveCfg = Release|Any CPU
		{20095174-8146-480C-8B1A-C21EF6FAB641}.Release|Any CPU.Build.0 = Release|Any CPU
		{6E78E994-676A-4992-8F9F-BB53F70E15AD}.Debug|Any CPU.ActiveCfg = Debug|Any CPU
		{6E78E994-676A-4992-8F9F-BB53F70E15AD}.Debug|Any CPU.Build.0 = Debug|Any CPU
		{6E78E994-676A-4992-8F9F-BB53F70E15AD}.Release|Any CPU.ActiveCfg = Release|Any CPU
		{6E78E994-676A-4992-8F9F-BB53F70E15AD}.Release|Any CPU.Build.0 = Release|Any CPU
	EndGlobalSection
	GlobalSection(SolutionProperties) = preSolution
		HideSolutionNode = FALSE
	EndGlobalSection
	GlobalSection(ExtensibilityGlobals) = postSolution
		SolutionGuid = {157919C3-00D7-4A68-B1E2-1085F155A0B0}
	EndGlobalSection
EndGlobal
